
Microsoft Visual Studio Solution File, Format Version 11.00
# Visual Studio 2010
Project("{FAE04EC0-301F-11D3-BF4B-00C04F79EFBC}") = "Bugzzinga.WebUI", "Bugzzinga.WebUI\Bugzzinga.WebUI.csproj", "{2BF4071F-3982-45C5-8631-1DA81FD7231A}"
EndProject
Project("{FAE04EC0-301F-11D3-BF4B-00C04F79EFBC}") = "Bugzzinga.Model.Entities", "Bugzzinga.Model.Entities\Bugzzinga.Model.Entities.csproj", "{DB2F21A3-C644-4EAB-947E-01F6F6CCF66A}"
EndProject
Project("{FAE04EC0-301F-11D3-BF4B-00C04F79EFBC}") = "Bugzzinga.Model.Business", "Bugzzinga.Model.Business\Bugzzinga.Model.Business.csproj", "{5B098F91-1E31-4EB6-935E-72D94D1337BD}"
EndProject
Project("{2150E333-8FDC-42A3-9474-1A3956D46DE8}") = "00 - GUI", "00 - GUI", "{580E31A4-77B6-4D38-812C-A4C993CB58D5}"
EndProject
Project("{2150E333-8FDC-42A3-9474-1A3956D46DE8}") = "01 - Dominio", "01 - Dominio", "{021E87F2-507A-4128-BB52-E2BFD3AA37C9}"
EndProject
Project("{2150E333-8FDC-42A3-9474-1A3956D46DE8}") = "02 - Persistencia", "02 - Persistencia", "{528E6066-2B27-4280-A7A3-D1FECB95C9C2}"
EndProject
Project("{2150E333-8FDC-42A3-9474-1A3956D46DE8}") = "03 - Servicios", "03 - Servicios", "{DD107D35-540D-4B18-9A50-5B29E3192B3A}"
EndProject
Project("{FAE04EC0-301F-11D3-BF4B-00C04F79EFBC}") = "Data.DB4o.Repository", "Data.DB4o.Repository\Data.DB4o.Repository.csproj", "{74A4868B-1735-44C6-9EB8-EB207333648B}"
EndProject
Project("{FAE04EC0-301F-11D3-BF4B-00C04F79EFBC}") = "Data.DB4o.Server", "Data.DB4o.Server\Data.DB4o.Server.csproj", "{C8FA350E-C5CE-472F-9A84-D074B4D89F8B}"
EndProject
Project("{FAE04EC0-301F-11D3-BF4B-00C04F79EFBC}") = "Data.db4o.Common", "Data.db4o.Common\Data.db4o.Common.csproj", "{9BF1B38D-DA7A-43CB-A43E-1D3C83E06ED1}"
EndProject
Project("{FAE04EC0-301F-11D3-BF4B-00C04F79EFBC}") = "Services.Exceptions", "Services.Exceptions\Services.Exceptions.csproj", "{1D876790-7E8B-4EB3-AE41-9C9A6C7B3068}"
EndProject
Global
	GlobalSection(SubversionScc) = preSolution
		Svn-Managed = True
		Manager = AnkhSVN - Subversion Support for Visual Studio
	EndGlobalSection
	GlobalSection(SolutionConfigurationPlatforms) = preSolution
		Debug|Any CPU = Debug|Any CPU
		Release|Any CPU = Release|Any CPU
	EndGlobalSection
	GlobalSection(ProjectConfigurationPlatforms) = postSolution
		{2BF4071F-3982-45C5-8631-1DA81FD7231A}.Debug|Any CPU.ActiveCfg = Debug|Any CPU
		{2BF4071F-3982-45C5-8631-1DA81FD7231A}.Debug|Any CPU.Build.0 = Debug|Any CPU
		{2BF4071F-3982-45C5-8631-1DA81FD7231A}.Release|Any CPU.ActiveCfg = Release|Any CPU
		{2BF4071F-3982-45C5-8631-1DA81FD7231A}.Release|Any CPU.Build.0 = Release|Any CPU
		{DB2F21A3-C644-4EAB-947E-01F6F6CCF66A}.Debug|Any CPU.ActiveCfg = Debug|Any CPU
		{DB2F21A3-C644-4EAB-947E-01F6F6CCF66A}.Debug|Any CPU.Build.0 = Debug|Any CPU
		{DB2F21A3-C644-4EAB-947E-01F6F6CCF66A}.Release|Any CPU.ActiveCfg = Release|Any CPU
		{DB2F21A3-C644-4EAB-947E-01F6F6CCF66A}.Release|Any CPU.Build.0 = Release|Any CPU
		{5B098F91-1E31-4EB6-935E-72D94D1337BD}.Debug|Any CPU.ActiveCfg = Debug|Any CPU
		{5B098F91-1E31-4EB6-935E-72D94D1337BD}.Debug|Any CPU.Build.0 = Debug|Any CPU
		{5B098F91-1E31-4EB6-935E-72D94D1337BD}.Release|Any CPU.ActiveCfg = Release|Any CPU
		{5B098F91-1E31-4EB6-935E-72D94D1337BD}.Release|Any CPU.Build.0 = Release|Any CPU
		{74A4868B-1735-44C6-9EB8-EB207333648B}.Debug|Any CPU.ActiveCfg = Debug|Any CPU
		{74A4868B-1735-44C6-9EB8-EB207333648B}.Debug|Any CPU.Build.0 = Debug|Any CPU
		{74A4868B-1735-44C6-9EB8-EB207333648B}.Release|Any CPU.ActiveCfg = Release|Any CPU
		{74A4868B-1735-44C6-9EB8-EB207333648B}.Release|Any CPU.Build.0 = Release|Any CPU
		{C8FA350E-C5CE-472F-9A84-D074B4D89F8B}.Debug|Any CPU.ActiveCfg = Debug|Any CPU
		{C8FA350E-C5CE-472F-9A84-D074B4D89F8B}.Debug|Any CPU.Build.0 = Debug|Any CPU
		{C8FA350E-C5CE-472F-9A84-D074B4D89F8B}.Release|Any CPU.ActiveCfg = Release|Any CPU
		{C8FA350E-C5CE-472F-9A84-D074B4D89F8B}.Release|Any CPU.Build.0 = Release|Any CPU
		{9BF1B38D-DA7A-43CB-A43E-1D3C83E06ED1}.Debug|Any CPU.ActiveCfg = Debug|Any CPU
		{9BF1B38D-DA7A-43CB-A43E-1D3C83E06ED1}.Debug|Any CPU.Build.0 = Debug|Any CPU
		{9BF1B38D-DA7A-43CB-A43E-1D3C83E06ED1}.Release|Any CPU.ActiveCfg = Release|Any CPU
		{9BF1B38D-DA7A-43CB-A43E-1D3C83E06ED1}.Release|Any CPU.Build.0 = Release|Any CPU
		{1D876790-7E8B-4EB3-AE41-9C9A6C7B3068}.Debug|Any CPU.ActiveCfg = Debug|Any CPU
		{1D876790-7E8B-4EB3-AE41-9C9A6C7B3068}.Debug|Any CPU.Build.0 = Debug|Any CPU
		{1D876790-7E8B-4EB3-AE41-9C9A6C7B3068}.Release|Any CPU.ActiveCfg = Release|Any CPU
		{1D876790-7E8B-4EB3-AE41-9C9A6C7B3068}.Release|Any CPU.Build.0 = Release|Any CPU
	EndGlobalSection
	GlobalSection(SolutionProperties) = preSolution
		HideSolutionNode = FALSE
	EndGlobalSection
	GlobalSection(NestedProjects) = preSolution
		{2BF4071F-3982-45C5-8631-1DA81FD7231A} = {580E31A4-77B6-4D38-812C-A4C993CB58D5}
		{5B098F91-1E31-4EB6-935E-72D94D1337BD} = {021E87F2-507A-4128-BB52-E2BFD3AA37C9}
		{DB2F21A3-C644-4EAB-947E-01F6F6CCF66A} = {021E87F2-507A-4128-BB52-E2BFD3AA37C9}
		{74A4868B-1735-44C6-9EB8-EB207333648B} = {528E6066-2B27-4280-A7A3-D1FECB95C9C2}
		{C8FA350E-C5CE-472F-9A84-D074B4D89F8B} = {528E6066-2B27-4280-A7A3-D1FECB95C9C2}
		{9BF1B38D-DA7A-43CB-A43E-1D3C83E06ED1} = {528E6066-2B27-4280-A7A3-D1FECB95C9C2}
		{1D876790-7E8B-4EB3-AE41-9C9A6C7B3068} = {DD107D35-540D-4B18-9A50-5B29E3192B3A}
	EndGlobalSection
EndGlobal
